
Microsoft Visual Studio Solution File, Format Version 12.00
# Visual Studio Version 17
VisualStudioVersion = 17.13.35931.197 d17.13
MinimumVisualStudioVersion = 10.0.40219.1
Project("{FAE04EC0-301F-11D3-BF4B-00C04F79EFBC}") = "MethodsAndClasses", "MethodsAndClasses\MethodsAndClasses.csproj", "{5B63D327-0D24-4C72-A44E-0C4F4B956E8E}"
EndProject
Global
	GlobalSection(SolutionConfigurationPlatforms) = preSolution
		Debug|Any CPU = Debug|Any CPU
		Release|Any CPU = Release|Any CPU
	EndGlobalSection
	GlobalSection(ProjectConfigurationPlatforms) = postSolution
		{5B63D327-0D24-4C72-A44E-0C4F4B956E8E}.Debug|Any CPU.ActiveCfg = Debug|Any CPU
		{5B63D327-0D24-4C72-A44E-0C4F4B956E8E}.Debug|Any CPU.Build.0 = Debug|Any CPU
		{5B63D327-0D24-4C72-A44E-0C4F4B956E8E}.Release|Any CPU.ActiveCfg = Release|Any CPU
		{5B63D327-0D24-4C72-A44E-0C4F4B956E8E}.Release|Any CPU.Build.0 = Release|Any CPU
	EndGlobalSection
	GlobalSection(SolutionProperties) = preSolution
		HideSolutionNode = FALSE
	EndGlobalSection
	GlobalSection(ExtensibilityGlobals) = postSolution
		SolutionGuid = {D959E790-62D3-482E-83DC-A9C9F2CB59FC}
	EndGlobalSection
EndGlobal
